
Microsoft Visual Studio Solution File, Format Version 12.00
Project("{FAE04EC0-301F-11D3-BF4B-00C04F79EFBC}") = "Ukiyo", "Ukiyo\Ukiyo.csproj", "{2BB6E7F5-CD6D-4365-B91C-201FA296EEA0}"
EndProject
Global
	GlobalSection(SolutionConfigurationPlatforms) = preSolution
		Debug|Any CPU = Debug|Any CPU
		Release|Any CPU = Release|Any CPU
	EndGlobalSection
	GlobalSection(ProjectConfigurationPlatforms) = postSolution
		{2BB6E7F5-CD6D-4365-B91C-201FA296EEA0}.Debug|Any CPU.ActiveCfg = Debug|Any CPU
		{2BB6E7F5-CD6D-4365-B91C-201FA296EEA0}.Debug|Any CPU.Build.0 = Debug|Any CPU
		{2BB6E7F5-CD6D-4365-B91C-201FA296EEA0}.Release|Any CPU.ActiveCfg = Release|Any CPU
		{2BB6E7F5-CD6D-4365-B91C-201FA296EEA0}.Release|Any CPU.Build.0 = Release|Any CPU
	EndGlobalSection
EndGlobal
